
Microsoft Visual Studio Solution File, Format Version 12.00
# Visual Studio 2013
VisualStudioVersion = 12.0.31101.0
MinimumVisualStudioVersion = 10.0.40219.1
Project("{8BC9CEB8-8B4A-11D0-8D11-00A0C91BC942}") = "cppDemos", "cppDemos\cppDemos.vcxproj", "{2AC6DF33-DAA6-4627-A089-D5825EA42AC3}"
EndProject
Project("{8BC9CEB8-8B4A-11D0-8D11-00A0C91BC942}") = "CPPConsoleApplicationHello", "CPPConsoleApplicationHello\CPPConsoleApplicationHello\CPPConsoleApplicationHello.vcxproj", "{99B4A273-58B4-42B1-8ED4-75D4629388AE}"
EndProject
Project("{8BC9CEB8-8B4A-11D0-8D11-00A0C91BC942}") = "CPPConsoleApplicationCLRHello", "CPPConsoleApplicationCLRHello\CPPConsoleApplicationCLRHello.vcxproj", "{29B3AD40-398F-47E2-8D56-254DD619BA07}"
EndProject
Project("{2150E333-8FDC-42A3-9474-1A3956D46DE8}") = "Week1", "Week1", "{6993FE59-6692-4AA0-A4A4-5B3C2856ABBD}"
EndProject
Project("{8BC9CEB8-8B4A-11D0-8D11-00A0C91BC942}") = "CPPConsoleApplicationDog", "CPPConsoleApplicationDog\CPPConsoleApplicationDog\CPPConsoleApplicationDog.vcxproj", "{10DC3023-4AB6-40C3-ACFF-41826051AC5E}"
EndProject
Project("{8BC9CEB8-8B4A-11D0-8D11-00A0C91BC942}") = "CPPConsoleApplicationBesenji", "CPPConsoleApplicationBesenji\CPPConsoleApplicationBesenji\CPPConsoleApplicationBesenji.vcxproj", "{85BF1E29-20C9-4C7D-9161-3A163F85DD08}"
EndProject
Project("{8BC9CEB8-8B4A-11D0-8D11-00A0C91BC942}") = "CPPConsoleApplicationTypes", "CPPConsoleApplicationTypes\CPPConsoleApplicationTypes\CPPConsoleApplicationTypes.vcxproj", "{BAC2A631-AFDA-49B3-A79F-580F558D1DB7}"
EndProject
Project("{2150E333-8FDC-42A3-9474-1A3956D46DE8}") = "Week2", "Week2", "{4358E929-5EA5-49E1-80BF-F9253EEDE375}"
EndProject
Project("{8BC9CEB8-8B4A-11D0-8D11-00A0C91BC942}") = "CPPConsoleApplicationVector", "CPPConsoleApplicationVector\CPPConsoleApplicationVector.vcxproj", "{D73EB5EB-48B6-4777-AEF7-A76F5FDA411B}"
EndProject
Project("{8BC9CEB8-8B4A-11D0-8D11-00A0C91BC942}") = "CPPConsoleApplicationTemplate", "CPPConsoleApplicationTemplate\CPPConsoleApplicationTemplate.vcxproj", "{3AB92265-B121-401E-A97B-EEAE018268AE}"
EndProject
Project("{2150E333-8FDC-42A3-9474-1A3956D46DE8}") = "oopLib", "oopLib", "{F6A558A6-833B-4B36-9248-949D7C0B82BF}"
EndProject
Project("{8BC9CEB8-8B4A-11D0-8D11-00A0C91BC942}") = "oopLib.Shared", "oopLib\oopLib.Shared\oopLib.Shared.vcxitems", "{FC87E784-9C8C-4885-8228-CD6FAF79C1F4}"
EndProject
Project("{8BC9CEB8-8B4A-11D0-8D11-00A0C91BC942}") = "oopLib.Windows", "oopLib\oopLib.Windows\oopLib.Windows.vcxproj", "{8B24D5FF-8FB0-4B99-A5B3-382158B9F997}"
EndProject
Project("{8BC9CEB8-8B4A-11D0-8D11-00A0C91BC942}") = "oopLib.WindowsPhone", "oopLib\oopLib.WindowsPhone\oopLib.WindowsPhone.vcxproj", "{B92FA8F8-9114-42FD-A0FF-F8363D6A0225}"
EndProject
Project("{2150E333-8FDC-42A3-9474-1A3956D46DE8}") = "DirectX", "DirectX", "{B3E43F08-BD59-4866-9682-B46EB93FEFF6}"
EndProject
Project("{8BC9CEB8-8B4A-11D0-8D11-00A0C91BC942}") = "CPPDirectXApp", "DirectX\CPPDirectXApp\CPPDirectXApp\CPPDirectXApp.vcxproj", "{65ACF74B-F23E-4F8E-AFFC-991C6801BFAA}"
EndProject
Project("{8BC9CEB8-8B4A-11D0-8D11-00A0C91BC942}") = "CPPHelloDirectX.Shared", "DirectX\CPPHelloDirectX\CPPHelloDirectX\CPPHelloDirectX.Shared\CPPHelloDirectX.Shared.vcxitems", "{954D74C4-FA61-4065-84A0-8D79449CA8DB}"
EndProject
Project("{8BC9CEB8-8B4A-11D0-8D11-00A0C91BC942}") = "CPPHelloDirectX.Windows", "DirectX\CPPHelloDirectX\CPPHelloDirectX\CPPHelloDirectX.Windows\CPPHelloDirectX.Windows.vcxproj", "{FE3B8E28-C29F-4587-B56A-FDDCA8C9511D}"
EndProject
Project("{8BC9CEB8-8B4A-11D0-8D11-00A0C91BC942}") = "CHelloWorld", "CHelloWorld\CHelloWorld.vcxproj", "{CBEB88F2-B4B4-4D76-8518-9788EC80AA2A}"
EndProject
Project("{8BC9CEB8-8B4A-11D0-8D11-00A0C91BC942}") = "CPPConsoleApplicationSimpleIO", "CPPConsoleApplicationSimpleIO\CPPConsoleApplicationSimpleIO.vcxproj", "{7BB357A2-9128-482B-A0B1-F5996D004AE5}"
EndProject
Project("{8BC9CEB8-8B4A-11D0-8D11-00A0C91BC942}") = "CPPConsoleApplicationFunctions", "CPPConsoleApplicationFunctions\CPPConsoleApplicationFunctions.vcxproj", "{09760B3B-FA9B-447F-A3CF-7C02CDA7BE10}"
EndProject
Project("{8BC9CEB8-8B4A-11D0-8D11-00A0C91BC942}") = "CConsoleApplicationMemoryHeap", "CConsoleApplicationMemoryHeap\CConsoleApplicationMemoryHeap.vcxproj", "{2473BFDC-14BF-40AB-8550-9A89B0BD31BF}"
EndProject
Project("{2150E333-8FDC-42A3-9474-1A3956D46DE8}") = "Week3", "Week3", "{9C191966-92EF-41CD-8223-3558505E757D}"
EndProject
Project("{2150E333-8FDC-42A3-9474-1A3956D46DE8}") = "Week4", "Week4", "{79FCAD13-C8B3-4E3D-B2D0-3C71169E6DF9}"
EndProject
Project("{8BC9CEB8-8B4A-11D0-8D11-00A0C91BC942}") = "CPPConsoleApplicationStructPointers", "CPPConsoleApplicationStructPointers\CPPConsoleApplicationStructPointers.vcxproj", "{EFB44A02-4452-4CD7-95C6-6928C7F5CD13}"
EndProject
Project("{2150E333-8FDC-42A3-9474-1A3956D46DE8}") = "Week5", "Week5", "{42C63585-0630-4CC9-B0A9-2DFD6690DF57}"
EndProject
Project("{2150E333-8FDC-42A3-9474-1A3956D46DE8}") = "Week6", "Week6", "{BF06E127-E05D-4E5B-8639-F78393FA696C}"
EndProject
Project("{8BC9CEB8-8B4A-11D0-8D11-00A0C91BC942}") = "CPPConsoleApplicationDogVector", "CPPConsoleApplicationDogVector\CPPConsoleApplicationDogVector.vcxproj", "{17036E3F-AE75-408E-889B-273CF7FEB82A}"
EndProject
Project("{8BC9CEB8-8B4A-11D0-8D11-00A0C91BC942}") = "CPPConsoleApplicationSimpleDog", "CPPConsoleApplicationSimpleDog\CPPConsoleApplicationSimpleDog.vcxproj", "{78A1B825-D059-402A-9D6D-569ED068DFA0}"
EndProject
Project("{8BC9CEB8-8B4A-11D0-8D11-00A0C91BC942}") = "CPPConsoleApplicationDogFromLib", "CPPConsoleApplicationDogFromLib\CPPConsoleApplicationDogFromLib.vcxproj", "{1E75F537-810D-4CF5-A35B-3140AC445809}"
EndProject
Project("{8BC9CEB8-8B4A-11D0-8D11-00A0C91BC942}") = "CPPConsoleApplicationMultipleInheritance", "CPPConsoleApplicationMultipleInheritance\CPPConsoleApplicationMultipleInheritance.vcxproj", "{3F80A48B-E6AD-41AB-A29E-3EBD7CAC14B9}"
EndProject
Project("{F088123C-0E9E-452A-89E6-6BA2F21D5CAC}") = "ModelingProjectDuck", "ModelingProjectDuck\ModelingProjectDuck.modelproj", "{F4E94186-2532-4729-B485-2D2F5F6F7836}"
EndProject
Project("{8BC9CEB8-8B4A-11D0-8D11-00A0C91BC942}") = "CPPConsoleApplicationMultipleInheritanceDone", "CPPConsoleApplicationMultipleInheritaceDone\CPPConsoleApplicationMultipleInheritaceDone.vcxproj", "{61866223-C7B5-409D-9C8D-B3A3162BD582}"
EndProject
Project("{8BC9CEB8-8B4A-11D0-8D11-00A0C91BC942}") = "ConsoleApplicationDogPound", "ConsoleApplicationDogPound\ConsoleApplicationDogPound.vcxproj", "{786F3660-CA2F-4B63-9FDF-A4DA87339DDF}"
EndProject
Project("{8BC9CEB8-8B4A-11D0-8D11-00A0C91BC942}") = "TestSDL", "TestSDL\TestSDL\TestSDL.vcxproj", "{7FF0B351-DFBD-4CB5-B504-030F4D07F5BD}"
EndProject
Project("{2150E333-8FDC-42A3-9474-1A3956D46DE8}") = "Week10", "Week10", "{69EB97F2-1DB5-49ED-B691-A237EC8AFA92}"
EndProject
Project("{8BC9CEB8-8B4A-11D0-8D11-00A0C91BC942}") = "Direct2DPacMan", "DirectX\Direct2DPacMan\Direct2DPacMan\Direct2DPacMan.vcxproj", "{ACDB8E69-B1E1-4437-8C02-9941E2238BC4}"
EndProject
Global
	GlobalSection(SharedMSBuildProjectFiles) = preSolution
		oopLib\oopLib.Shared\oopLib.Shared.vcxitems*{fc87e784-9c8c-4885-8228-cd6faf79c1f4}*SharedItemsImports = 9
		DirectX\CPPHelloDirectX\CPPHelloDirectX\CPPHelloDirectX.Shared\CPPHelloDirectX.Shared.vcxitems*{fe3b8e28-c29f-4587-b56a-fddca8c9511d}*SharedItemsImports = 4
		oopLib\oopLib.Shared\oopLib.Shared.vcxitems*{b92fa8f8-9114-42fd-a0ff-f8363d6a0225}*SharedItemsImports = 4
		DirectX\CPPHelloDirectX\CPPHelloDirectX\CPPHelloDirectX.Shared\CPPHelloDirectX.Shared.vcxitems*{954d74c4-fa61-4065-84a0-8d79449ca8db}*SharedItemsImports = 9
		oopLib\oopLib.Shared\oopLib.Shared.vcxitems*{8b24d5ff-8fb0-4b99-a5b3-382158b9f997}*SharedItemsImports = 4
	EndGlobalSection
	GlobalSection(SolutionConfigurationPlatforms) = preSolution
		Debug|Any CPU = Debug|Any CPU
		Debug|ARM = Debug|ARM
		Debug|Mixed Platforms = Debug|Mixed Platforms
		Debug|Win32 = Debug|Win32
		Debug|x64 = Debug|x64
		Release|Any CPU = Release|Any CPU
		Release|ARM = Release|ARM
		Release|Mixed Platforms = Release|Mixed Platforms
		Release|Win32 = Release|Win32
		Release|x64 = Release|x64
	EndGlobalSection
	GlobalSection(ProjectConfigurationPlatforms) = postSolution
		{2AC6DF33-DAA6-4627-A089-D5825EA42AC3}.Debug|Any CPU.ActiveCfg = Debug|Win32
		{2AC6DF33-DAA6-4627-A089-D5825EA42AC3}.Debug|ARM.ActiveCfg = Debug|Win32
		{2AC6DF33-DAA6-4627-A089-D5825EA42AC3}.Debug|Mixed Platforms.ActiveCfg = Debug|Win32
		{2AC6DF33-DAA6-4627-A089-D5825EA42AC3}.Debug|Mixed Platforms.Build.0 = Debug|Win32
		{2AC6DF33-DAA6-4627-A089-D5825EA42AC3}.Debug|Win32.ActiveCfg = Debug|Win32
		{2AC6DF33-DAA6-4627-A089-D5825EA42AC3}.Debug|Win32.Build.0 = Debug|Win32
		{2AC6DF33-DAA6-4627-A089-D5825EA42AC3}.Debug|x64.ActiveCfg = Debug|Win32
		{2AC6DF33-DAA6-4627-A089-D5825EA42AC3}.Release|Any CPU.ActiveCfg = Release|Win32
		{2AC6DF33-DAA6-4627-A089-D5825EA42AC3}.Release|ARM.ActiveCfg = Release|Win32
		{2AC6DF33-DAA6-4627-A089-D5825EA42AC3}.Release|Mixed Platforms.ActiveCfg = Release|Win32
		{2AC6DF33-DAA6-4627-A089-D5825EA42AC3}.Release|Mixed Platforms.Build.0 = Release|Win32
		{2AC6DF33-DAA6-4627-A089-D5825EA42AC3}.Release|Win32.ActiveCfg = Release|Win32
		{2AC6DF33-DAA6-4627-A089-D5825EA42AC3}.Release|Win32.Build.0 = Release|Win32
		{2AC6DF33-DAA6-4627-A089-D5825EA42AC3}.Release|x64.ActiveCfg = Release|Win32
		{99B4A273-58B4-42B1-8ED4-75D4629388AE}.Debug|Any CPU.ActiveCfg = Debug|Win32
		{99B4A273-58B4-42B1-8ED4-75D4629388AE}.Debug|ARM.ActiveCfg = Debug|Win32
		{99B4A273-58B4-42B1-8ED4-75D4629388AE}.Debug|Mixed Platforms.ActiveCfg = Debug|Win32
		{99B4A273-58B4-42B1-8ED4-75D4629388AE}.Debug|Mixed Platforms.Build.0 = Debug|Win32
		{99B4A273-58B4-42B1-8ED4-75D4629388AE}.Debug|Win32.ActiveCfg = Debug|Win32
		{99B4A273-58B4-42B1-8ED4-75D4629388AE}.Debug|Win32.Build.0 = Debug|Win32
		{99B4A273-58B4-42B1-8ED4-75D4629388AE}.Debug|x64.ActiveCfg = Debug|Win32
		{99B4A273-58B4-42B1-8ED4-75D4629388AE}.Release|Any CPU.ActiveCfg = Release|Win32
		{99B4A273-58B4-42B1-8ED4-75D4629388AE}.Release|ARM.ActiveCfg = Release|Win32
		{99B4A273-58B4-42B1-8ED4-75D4629388AE}.Release|Mixed Platforms.ActiveCfg = Release|Win32
		{99B4A273-58B4-42B1-8ED4-75D4629388AE}.Release|Mixed Platforms.Build.0 = Release|Win32
		{99B4A273-58B4-42B1-8ED4-75D4629388AE}.Release|Win32.ActiveCfg = Release|Win32
		{99B4A273-58B4-42B1-8ED4-75D4629388AE}.Release|Win32.Build.0 = Release|Win32
		{99B4A273-58B4-42B1-8ED4-75D4629388AE}.Release|x64.ActiveCfg = Release|Win32
		{29B3AD40-398F-47E2-8D56-254DD619BA07}.Debug|Any CPU.ActiveCfg = Debug|Win32
		{29B3AD40-398F-47E2-8D56-254DD619BA07}.Debug|ARM.ActiveCfg = Debug|Win32
		{29B3AD40-398F-47E2-8D56-254DD619BA07}.Debug|Mixed Platforms.ActiveCfg = Debug|Win32
		{29B3AD40-398F-47E2-8D56-254DD619BA07}.Debug|Mixed Platforms.Build.0 = Debug|Win32
		{29B3AD40-398F-47E2-8D56-254DD619BA07}.Debug|Win32.ActiveCfg = Debug|Win32
		{29B3AD40-398F-47E2-8D56-254DD619BA07}.Debug|Win32.Build.0 = Debug|Win32
		{29B3AD40-398F-47E2-8D56-254DD619BA07}.Debug|x64.ActiveCfg = Debug|Win32
		{29B3AD40-398F-47E2-8D56-254DD619BA07}.Release|Any CPU.ActiveCfg = Release|Win32
		{29B3AD40-398F-47E2-8D56-254DD619BA07}.Release|ARM.ActiveCfg = Release|Win32
		{29B3AD40-398F-47E2-8D56-254DD619BA07}.Release|Mixed Platforms.ActiveCfg = Release|Win32
		{29B3AD40-398F-47E2-8D56-254DD619BA07}.Release|Mixed Platforms.Build.0 = Release|Win32
		{29B3AD40-398F-47E2-8D56-254DD619BA07}.Release|Win32.ActiveCfg = Release|Win32
		{29B3AD40-398F-47E2-8D56-254DD619BA07}.Release|Win32.Build.0 = Release|Win32
		{29B3AD40-398F-47E2-8D56-254DD619BA07}.Release|x64.ActiveCfg = Release|Win32
		{10DC3023-4AB6-40C3-ACFF-41826051AC5E}.Debug|Any CPU.ActiveCfg = Debug|Win32
		{10DC3023-4AB6-40C3-ACFF-41826051AC5E}.Debug|ARM.ActiveCfg = Debug|Win32
		{10DC3023-4AB6-40C3-ACFF-41826051AC5E}.Debug|Mixed Platforms.ActiveCfg = Debug|Win32
		{10DC3023-4AB6-40C3-ACFF-41826051AC5E}.Debug|Mixed Platforms.Build.0 = Debug|Win32
		{10DC3023-4AB6-40C3-ACFF-41826051AC5E}.Debug|Win32.ActiveCfg = Debug|Win32
		{10DC3023-4AB6-40C3-ACFF-41826051AC5E}.Debug|Win32.Build.0 = Debug|Win32
		{10DC3023-4AB6-40C3-ACFF-41826051AC5E}.Debug|x64.ActiveCfg = Debug|Win32
		{10DC3023-4AB6-40C3-ACFF-41826051AC5E}.Release|Any CPU.ActiveCfg = Release|Win32
		{10DC3023-4AB6-40C3-ACFF-41826051AC5E}.Release|ARM.ActiveCfg = Release|Win32
		{10DC3023-4AB6-40C3-ACFF-41826051AC5E}.Release|Mixed Platforms.ActiveCfg = Release|Win32
		{10DC3023-4AB6-40C3-ACFF-41826051AC5E}.Release|Mixed Platforms.Build.0 = Release|Win32
		{10DC3023-4AB6-40C3-ACFF-41826051AC5E}.Release|Win32.ActiveCfg = Release|Win32
		{10DC3023-4AB6-40C3-ACFF-41826051AC5E}.Release|Win32.Build.0 = Release|Win32
		{10DC3023-4AB6-40C3-ACFF-41826051AC5E}.Release|x64.ActiveCfg = Release|Win32
		{85BF1E29-20C9-4C7D-9161-3A163F85DD08}.Debug|Any CPU.ActiveCfg = Debug|Win32
		{85BF1E29-20C9-4C7D-9161-3A163F85DD08}.Debug|ARM.ActiveCfg = Debug|Win32
		{85BF1E29-20C9-4C7D-9161-3A163F85DD08}.Debug|Mixed Platforms.ActiveCfg = Debug|Win32
		{85BF1E29-20C9-4C7D-9161-3A163F85DD08}.Debug|Mixed Platforms.Build.0 = Debug|Win32
		{85BF1E29-20C9-4C7D-9161-3A163F85DD08}.Debug|Win32.ActiveCfg = Debug|Win32
		{85BF1E29-20C9-4C7D-9161-3A163F85DD08}.Debug|Win32.Build.0 = Debug|Win32
		{85BF1E29-20C9-4C7D-9161-3A163F85DD08}.Debug|x64.ActiveCfg = Debug|Win32
		{85BF1E29-20C9-4C7D-9161-3A163F85DD08}.Release|Any CPU.ActiveCfg = Release|Win32
		{85BF1E29-20C9-4C7D-9161-3A163F85DD08}.Release|ARM.ActiveCfg = Release|Win32
		{85BF1E29-20C9-4C7D-9161-3A163F85DD08}.Release|Mixed Platforms.ActiveCfg = Release|Win32
		{85BF1E29-20C9-4C7D-9161-3A163F85DD08}.Release|Mixed Platforms.Build.0 = Release|Win32
		{85BF1E29-20C9-4C7D-9161-3A163F85DD08}.Release|Win32.ActiveCfg = Release|Win32
		{85BF1E29-20C9-4C7D-9161-3A163F85DD08}.Release|Win32.Build.0 = Release|Win32
		{85BF1E29-20C9-4C7D-9161-3A163F85DD08}.Release|x64.ActiveCfg = Release|Win32
		{BAC2A631-AFDA-49B3-A79F-580F558D1DB7}.Debug|Any CPU.ActiveCfg = Debug|Win32
		{BAC2A631-AFDA-49B3-A79F-580F558D1DB7}.Debug|ARM.ActiveCfg = Debug|Win32
		{BAC2A631-AFDA-49B3-A79F-580F558D1DB7}.Debug|Mixed Platforms.ActiveCfg = Debug|Win32
		{BAC2A631-AFDA-49B3-A79F-580F558D1DB7}.Debug|Mixed Platforms.Build.0 = Debug|Win32
		{BAC2A631-AFDA-49B3-A79F-580F558D1DB7}.Debug|Win32.ActiveCfg = Debug|Win32
		{BAC2A631-AFDA-49B3-A79F-580F558D1DB7}.Debug|Win32.Build.0 = Debug|Win32
		{BAC2A631-AFDA-49B3-A79F-580F558D1DB7}.Debug|x64.ActiveCfg = Debug|Win32
		{BAC2A631-AFDA-49B3-A79F-580F558D1DB7}.Release|Any CPU.ActiveCfg = Release|Win32
		{BAC2A631-AFDA-49B3-A79F-580F558D1DB7}.Release|ARM.ActiveCfg = Release|Win32
		{BAC2A631-AFDA-49B3-A79F-580F558D1DB7}.Release|Mixed Platforms.ActiveCfg = Release|Win32
		{BAC2A631-AFDA-49B3-A79F-580F558D1DB7}.Release|Mixed Platforms.Build.0 = Release|Win32
		{BAC2A631-AFDA-49B3-A79F-580F558D1DB7}.Release|Win32.ActiveCfg = Release|Win32
		{BAC2A631-AFDA-49B3-A79F-580F558D1DB7}.Release|Win32.Build.0 = Release|Win32
		{BAC2A631-AFDA-49B3-A79F-580F558D1DB7}.Release|x64.ActiveCfg = Release|Win32
		{D73EB5EB-48B6-4777-AEF7-A76F5FDA411B}.Debug|Any CPU.ActiveCfg = Debug|Win32
		{D73EB5EB-48B6-4777-AEF7-A76F5FDA411B}.Debug|ARM.ActiveCfg = Debug|Win32
		{D73EB5EB-48B6-4777-AEF7-A76F5FDA411B}.Debug|Mixed Platforms.ActiveCfg = Debug|Win32
		{D73EB5EB-48B6-4777-AEF7-A76F5FDA411B}.Debug|Mixed Platforms.Build.0 = Debug|Win32
		{D73EB5EB-48B6-4777-AEF7-A76F5FDA411B}.Debug|Win32.ActiveCfg = Debug|Win32
		{D73EB5EB-48B6-4777-AEF7-A76F5FDA411B}.Debug|Win32.Build.0 = Debug|Win32
		{D73EB5EB-48B6-4777-AEF7-A76F5FDA411B}.Debug|x64.ActiveCfg = Debug|Win32
		{D73EB5EB-48B6-4777-AEF7-A76F5FDA411B}.Release|Any CPU.ActiveCfg = Release|Win32
		{D73EB5EB-48B6-4777-AEF7-A76F5FDA411B}.Release|ARM.ActiveCfg = Release|Win32
		{D73EB5EB-48B6-4777-AEF7-A76F5FDA411B}.Release|Mixed Platforms.ActiveCfg = Release|Win32
		{D73EB5EB-48B6-4777-AEF7-A76F5FDA411B}.Release|Mixed Platforms.Build.0 = Release|Win32
		{D73EB5EB-48B6-4777-AEF7-A76F5FDA411B}.Release|Win32.ActiveCfg = Release|Win32
		{D73EB5EB-48B6-4777-AEF7-A76F5FDA411B}.Release|Win32.Build.0 = Release|Win32
		{D73EB5EB-48B6-4777-AEF7-A76F5FDA411B}.Release|x64.ActiveCfg = Release|Win32
		{3AB92265-B121-401E-A97B-EEAE018268AE}.Debug|Any CPU.ActiveCfg = Debug|Win32
		{3AB92265-B121-401E-A97B-EEAE018268AE}.Debug|ARM.ActiveCfg = Debug|Win32
		{3AB92265-B121-401E-A97B-EEAE018268AE}.Debug|Mixed Platforms.ActiveCfg = Debug|Win32
		{3AB92265-B121-401E-A97B-EEAE018268AE}.Debug|Mixed Platforms.Build.0 = Debug|Win32
		{3AB92265-B121-401E-A97B-EEAE018268AE}.Debug|Win32.ActiveCfg = Debug|Win32
		{3AB92265-B121-401E-A97B-EEAE018268AE}.Debug|Win32.Build.0 = Debug|Win32
		{3AB92265-B121-401E-A97B-EEAE018268AE}.Debug|x64.ActiveCfg = Debug|Win32
		{3AB92265-B121-401E-A97B-EEAE018268AE}.Release|Any CPU.ActiveCfg = Release|Win32
		{3AB92265-B121-401E-A97B-EEAE018268AE}.Release|ARM.ActiveCfg = Release|Win32
		{3AB92265-B121-401E-A97B-EEAE018268AE}.Release|Mixed Platforms.ActiveCfg = Release|Win32
		{3AB92265-B121-401E-A97B-EEAE018268AE}.Release|Mixed Platforms.Build.0 = Release|Win32
		{3AB92265-B121-401E-A97B-EEAE018268AE}.Release|Win32.ActiveCfg = Release|Win32
		{3AB92265-B121-401E-A97B-EEAE018268AE}.Release|Win32.Build.0 = Release|Win32
		{3AB92265-B121-401E-A97B-EEAE018268AE}.Release|x64.ActiveCfg = Release|Win32
		{8B24D5FF-8FB0-4B99-A5B3-382158B9F997}.Debug|Any CPU.ActiveCfg = Debug|Win32
		{8B24D5FF-8FB0-4B99-A5B3-382158B9F997}.Debug|ARM.ActiveCfg = Debug|ARM
		{8B24D5FF-8FB0-4B99-A5B3-382158B9F997}.Debug|ARM.Build.0 = Debug|ARM
		{8B24D5FF-8FB0-4B99-A5B3-382158B9F997}.Debug|Mixed Platforms.ActiveCfg = Debug|Win32
		{8B24D5FF-8FB0-4B99-A5B3-382158B9F997}.Debug|Mixed Platforms.Build.0 = Debug|Win32
		{8B24D5FF-8FB0-4B99-A5B3-382158B9F997}.Debug|Win32.ActiveCfg = Debug|Win32
		{8B24D5FF-8FB0-4B99-A5B3-382158B9F997}.Debug|Win32.Build.0 = Debug|Win32
		{8B24D5FF-8FB0-4B99-A5B3-382158B9F997}.Debug|x64.ActiveCfg = Debug|x64
		{8B24D5FF-8FB0-4B99-A5B3-382158B9F997}.Debug|x64.Build.0 = Debug|x64
		{8B24D5FF-8FB0-4B99-A5B3-382158B9F997}.Release|Any CPU.ActiveCfg = Release|Win32
		{8B24D5FF-8FB0-4B99-A5B3-382158B9F997}.Release|ARM.ActiveCfg = Release|ARM
		{8B24D5FF-8FB0-4B99-A5B3-382158B9F997}.Release|ARM.Build.0 = Release|ARM
		{8B24D5FF-8FB0-4B99-A5B3-382158B9F997}.Release|Mixed Platforms.ActiveCfg = Release|Win32
		{8B24D5FF-8FB0-4B99-A5B3-382158B9F997}.Release|Mixed Platforms.Build.0 = Release|Win32
		{8B24D5FF-8FB0-4B99-A5B3-382158B9F997}.Release|Win32.ActiveCfg = Release|Win32
		{8B24D5FF-8FB0-4B99-A5B3-382158B9F997}.Release|Win32.Build.0 = Release|Win32
		{8B24D5FF-8FB0-4B99-A5B3-382158B9F997}.Release|x64.ActiveCfg = Release|x64
		{8B24D5FF-8FB0-4B99-A5B3-382158B9F997}.Release|x64.Build.0 = Release|x64
		{B92FA8F8-9114-42FD-A0FF-F8363D6A0225}.Debug|Any CPU.ActiveCfg = Debug|Win32
		{B92FA8F8-9114-42FD-A0FF-F8363D6A0225}.Debug|ARM.ActiveCfg = Debug|ARM
		{B92FA8F8-9114-42FD-A0FF-F8363D6A0225}.Debug|ARM.Build.0 = Debug|ARM
		{B92FA8F8-9114-42FD-A0FF-F8363D6A0225}.Debug|Mixed Platforms.ActiveCfg = Debug|Win32
		{B92FA8F8-9114-42FD-A0FF-F8363D6A0225}.Debug|Mixed Platforms.Build.0 = Debug|Win32
		{B92FA8F8-9114-42FD-A0FF-F8363D6A0225}.Debug|Win32.ActiveCfg = Debug|Win32
		{B92FA8F8-9114-42FD-A0FF-F8363D6A0225}.Debug|Win32.Build.0 = Debug|Win32
		{B92FA8F8-9114-42FD-A0FF-F8363D6A0225}.Debug|x64.ActiveCfg = Debug|Win32
		{B92FA8F8-9114-42FD-A0FF-F8363D6A0225}.Release|Any CPU.ActiveCfg = Release|Win32
		{B92FA8F8-9114-42FD-A0FF-F8363D6A0225}.Release|ARM.ActiveCfg = Release|ARM
		{B92FA8F8-9114-42FD-A0FF-F8363D6A0225}.Release|ARM.Build.0 = Release|ARM
		{B92FA8F8-9114-42FD-A0FF-F8363D6A0225}.Release|Mixed Platforms.ActiveCfg = Release|Win32
		{B92FA8F8-9114-42FD-A0FF-F8363D6A0225}.Release|Mixed Platforms.Build.0 = Release|Win32
		{B92FA8F8-9114-42FD-A0FF-F8363D6A0225}.Release|Win32.ActiveCfg = Release|Win32
		{B92FA8F8-9114-42FD-A0FF-F8363D6A0225}.Release|Win32.Build.0 = Release|Win32
		{B92FA8F8-9114-42FD-A0FF-F8363D6A0225}.Release|x64.ActiveCfg = Release|Win32
		{65ACF74B-F23E-4F8E-AFFC-991C6801BFAA}.Debug|Any CPU.ActiveCfg = Debug|Win32
		{65ACF74B-F23E-4F8E-AFFC-991C6801BFAA}.Debug|ARM.ActiveCfg = Debug|ARM
		{65ACF74B-F23E-4F8E-AFFC-991C6801BFAA}.Debug|ARM.Build.0 = Debug|ARM
		{65ACF74B-F23E-4F8E-AFFC-991C6801BFAA}.Debug|ARM.Deploy.0 = Debug|ARM
		{65ACF74B-F23E-4F8E-AFFC-991C6801BFAA}.Debug|Mixed Platforms.ActiveCfg = Debug|Win32
		{65ACF74B-F23E-4F8E-AFFC-991C6801BFAA}.Debug|Mixed Platforms.Build.0 = Debug|Win32
		{65ACF74B-F23E-4F8E-AFFC-991C6801BFAA}.Debug|Mixed Platforms.Deploy.0 = Debug|Win32
		{65ACF74B-F23E-4F8E-AFFC-991C6801BFAA}.Debug|Win32.ActiveCfg = Debug|Win32
		{65ACF74B-F23E-4F8E-AFFC-991C6801BFAA}.Debug|Win32.Build.0 = Debug|Win32
		{65ACF74B-F23E-4F8E-AFFC-991C6801BFAA}.Debug|Win32.Deploy.0 = Debug|Win32
		{65ACF74B-F23E-4F8E-AFFC-991C6801BFAA}.Debug|x64.ActiveCfg = Debug|x64
		{65ACF74B-F23E-4F8E-AFFC-991C6801BFAA}.Debug|x64.Build.0 = Debug|x64
		{65ACF74B-F23E-4F8E-AFFC-991C6801BFAA}.Debug|x64.Deploy.0 = Debug|x64
		{65ACF74B-F23E-4F8E-AFFC-991C6801BFAA}.Release|Any CPU.ActiveCfg = Release|Win32
		{65ACF74B-F23E-4F8E-AFFC-991C6801BFAA}.Release|ARM.ActiveCfg = Release|ARM
		{65ACF74B-F23E-4F8E-AFFC-991C6801BFAA}.Release|ARM.Build.0 = Release|ARM
		{65ACF74B-F23E-4F8E-AFFC-991C6801BFAA}.Release|ARM.Deploy.0 = Release|ARM
		{65ACF74B-F23E-4F8E-AFFC-991C6801BFAA}.Release|Mixed Platforms.ActiveCfg = Release|Win32
		{65ACF74B-F23E-4F8E-AFFC-991C6801BFAA}.Release|Mixed Platforms.Build.0 = Release|Win32
		{65ACF74B-F23E-4F8E-AFFC-991C6801BFAA}.Release|Mixed Platforms.Deploy.0 = Release|Win32
		{65ACF74B-F23E-4F8E-AFFC-991C6801BFAA}.Release|Win32.ActiveCfg = Release|Win32
		{65ACF74B-F23E-4F8E-AFFC-991C6801BFAA}.Release|Win32.Build.0 = Release|Win32
		{65ACF74B-F23E-4F8E-AFFC-991C6801BFAA}.Release|Win32.Deploy.0 = Release|Win32
		{65ACF74B-F23E-4F8E-AFFC-991C6801BFAA}.Release|x64.ActiveCfg = Release|x64
		{65ACF74B-F23E-4F8E-AFFC-991C6801BFAA}.Release|x64.Build.0 = Release|x64
		{65ACF74B-F23E-4F8E-AFFC-991C6801BFAA}.Release|x64.Deploy.0 = Release|x64
		{FE3B8E28-C29F-4587-B56A-FDDCA8C9511D}.Debug|Any CPU.ActiveCfg = Debug|Win32
		{FE3B8E28-C29F-4587-B56A-FDDCA8C9511D}.Debug|ARM.ActiveCfg = Debug|ARM
		{FE3B8E28-C29F-4587-B56A-FDDCA8C9511D}.Debug|ARM.Build.0 = Debug|ARM
		{FE3B8E28-C29F-4587-B56A-FDDCA8C9511D}.Debug|ARM.Deploy.0 = Debug|ARM
		{FE3B8E28-C29F-4587-B56A-FDDCA8C9511D}.Debug|Mixed Platforms.ActiveCfg = Debug|Win32
		{FE3B8E28-C29F-4587-B56A-FDDCA8C9511D}.Debug|Mixed Platforms.Build.0 = Debug|Win32
		{FE3B8E28-C29F-4587-B56A-FDDCA8C9511D}.Debug|Mixed Platforms.Deploy.0 = Debug|Win32
		{FE3B8E28-C29F-4587-B56A-FDDCA8C9511D}.Debug|Win32.ActiveCfg = Debug|Win32
		{FE3B8E28-C29F-4587-B56A-FDDCA8C9511D}.Debug|Win32.Build.0 = Debug|Win32
		{FE3B8E28-C29F-4587-B56A-FDDCA8C9511D}.Debug|Win32.Deploy.0 = Debug|Win32
		{FE3B8E28-C29F-4587-B56A-FDDCA8C9511D}.Debug|x64.ActiveCfg = Debug|x64
		{FE3B8E28-C29F-4587-B56A-FDDCA8C9511D}.Debug|x64.Build.0 = Debug|x64
		{FE3B8E28-C29F-4587-B56A-FDDCA8C9511D}.Debug|x64.Deploy.0 = Debug|x64
		{FE3B8E28-C29F-4587-B56A-FDDCA8C9511D}.Release|Any CPU.ActiveCfg = Release|Win32
		{FE3B8E28-C29F-4587-B56A-FDDCA8C9511D}.Release|ARM.ActiveCfg = Release|ARM
		{FE3B8E28-C29F-4587-B56A-FDDCA8C9511D}.Release|ARM.Build.0 = Release|ARM
		{FE3B8E28-C29F-4587-B56A-FDDCA8C9511D}.Release|ARM.Deploy.0 = Release|ARM
		{FE3B8E28-C29F-4587-B56A-FDDCA8C9511D}.Release|Mixed Platforms.ActiveCfg = Release|Win32
		{FE3B8E28-C29F-4587-B56A-FDDCA8C9511D}.Release|Mixed Platforms.Build.0 = Release|Win32
		{FE3B8E28-C29F-4587-B56A-FDDCA8C9511D}.Release|Mixed Platforms.Deploy.0 = Release|Win32
		{FE3B8E28-C29F-4587-B56A-FDDCA8C9511D}.Release|Win32.ActiveCfg = Release|Win32
		{FE3B8E28-C29F-4587-B56A-FDDCA8C9511D}.Release|Win32.Build.0 = Release|Win32
		{FE3B8E28-C29F-4587-B56A-FDDCA8C9511D}.Release|Win32.Deploy.0 = Release|Win32
		{FE3B8E28-C29F-4587-B56A-FDDCA8C9511D}.Release|x64.ActiveCfg = Release|x64
		{FE3B8E28-C29F-4587-B56A-FDDCA8C9511D}.Release|x64.Build.0 = Release|x64
		{FE3B8E28-C29F-4587-B56A-FDDCA8C9511D}.Release|x64.Deploy.0 = Release|x64
		{CBEB88F2-B4B4-4D76-8518-9788EC80AA2A}.Debug|Any CPU.ActiveCfg = Debug|Win32
		{CBEB88F2-B4B4-4D76-8518-9788EC80AA2A}.Debug|ARM.ActiveCfg = Debug|Win32
		{CBEB88F2-B4B4-4D76-8518-9788EC80AA2A}.Debug|Mixed Platforms.ActiveCfg = Debug|Win32
		{CBEB88F2-B4B4-4D76-8518-9788EC80AA2A}.Debug|Mixed Platforms.Build.0 = Debug|Win32
		{CBEB88F2-B4B4-4D76-8518-9788EC80AA2A}.Debug|Win32.ActiveCfg = Debug|Win32
		{CBEB88F2-B4B4-4D76-8518-9788EC80AA2A}.Debug|Win32.Build.0 = Debug|Win32
		{CBEB88F2-B4B4-4D76-8518-9788EC80AA2A}.Debug|x64.ActiveCfg = Debug|Win32
		{CBEB88F2-B4B4-4D76-8518-9788EC80AA2A}.Release|Any CPU.ActiveCfg = Release|Win32
		{CBEB88F2-B4B4-4D76-8518-9788EC80AA2A}.Release|ARM.ActiveCfg = Release|Win32
		{CBEB88F2-B4B4-4D76-8518-9788EC80AA2A}.Release|Mixed Platforms.ActiveCfg = Release|Win32
		{CBEB88F2-B4B4-4D76-8518-9788EC80AA2A}.Release|Mixed Platforms.Build.0 = Release|Win32
		{CBEB88F2-B4B4-4D76-8518-9788EC80AA2A}.Release|Win32.ActiveCfg = Release|Win32
		{CBEB88F2-B4B4-4D76-8518-9788EC80AA2A}.Release|Win32.Build.0 = Release|Win32
		{CBEB88F2-B4B4-4D76-8518-9788EC80AA2A}.Release|x64.ActiveCfg = Release|Win32
		{7BB357A2-9128-482B-A0B1-F5996D004AE5}.Debug|Any CPU.ActiveCfg = Debug|Win32
		{7BB357A2-9128-482B-A0B1-F5996D004AE5}.Debug|ARM.ActiveCfg = Debug|Win32
		{7BB357A2-9128-482B-A0B1-F5996D004AE5}.Debug|Mixed Platforms.ActiveCfg = Debug|Win32
		{7BB357A2-9128-482B-A0B1-F5996D004AE5}.Debug|Mixed Platforms.Build.0 = Debug|Win32
		{7BB357A2-9128-482B-A0B1-F5996D004AE5}.Debug|Win32.ActiveCfg = Debug|Win32
		{7BB357A2-9128-482B-A0B1-F5996D004AE5}.Debug|Win32.Build.0 = Debug|Win32
		{7BB357A2-9128-482B-A0B1-F5996D004AE5}.Debug|x64.ActiveCfg = Debug|Win32
		{7BB357A2-9128-482B-A0B1-F5996D004AE5}.Release|Any CPU.ActiveCfg = Release|Win32
		{7BB357A2-9128-482B-A0B1-F5996D004AE5}.Release|ARM.ActiveCfg = Release|Win32
		{7BB357A2-9128-482B-A0B1-F5996D004AE5}.Release|Mixed Platforms.ActiveCfg = Release|Win32
		{7BB357A2-9128-482B-A0B1-F5996D004AE5}.Release|Mixed Platforms.Build.0 = Release|Win32
		{7BB357A2-9128-482B-A0B1-F5996D004AE5}.Release|Win32.ActiveCfg = Release|Win32
		{7BB357A2-9128-482B-A0B1-F5996D004AE5}.Release|Win32.Build.0 = Release|Win32
		{7BB357A2-9128-482B-A0B1-F5996D004AE5}.Release|x64.ActiveCfg = Release|Win32
		{09760B3B-FA9B-447F-A3CF-7C02CDA7BE10}.Debug|Any CPU.ActiveCfg = Debug|Win32
		{09760B3B-FA9B-447F-A3CF-7C02CDA7BE10}.Debug|ARM.ActiveCfg = Debug|Win32
		{09760B3B-FA9B-447F-A3CF-7C02CDA7BE10}.Debug|Mixed Platforms.ActiveCfg = Debug|Win32
		{09760B3B-FA9B-447F-A3CF-7C02CDA7BE10}.Debug|Mixed Platforms.Build.0 = Debug|Win32
		{09760B3B-FA9B-447F-A3CF-7C02CDA7BE10}.Debug|Win32.ActiveCfg = Debug|Win32
		{09760B3B-FA9B-447F-A3CF-7C02CDA7BE10}.Debug|Win32.Build.0 = Debug|Win32
		{09760B3B-FA9B-447F-A3CF-7C02CDA7BE10}.Debug|x64.ActiveCfg = Debug|Win32
		{09760B3B-FA9B-447F-A3CF-7C02CDA7BE10}.Release|Any CPU.ActiveCfg = Release|Win32
		{09760B3B-FA9B-447F-A3CF-7C02CDA7BE10}.Release|ARM.ActiveCfg = Release|Win32
		{09760B3B-FA9B-447F-A3CF-7C02CDA7BE10}.Release|Mixed Platforms.ActiveCfg = Release|Win32
		{09760B3B-FA9B-447F-A3CF-7C02CDA7BE10}.Release|Mixed Platforms.Build.0 = Release|Win32
		{09760B3B-FA9B-447F-A3CF-7C02CDA7BE10}.Release|Win32.ActiveCfg = Release|Win32
		{09760B3B-FA9B-447F-A3CF-7C02CDA7BE10}.Release|Win32.Build.0 = Release|Win32
		{09760B3B-FA9B-447F-A3CF-7C02CDA7BE10}.Release|x64.ActiveCfg = Release|Win32
		{2473BFDC-14BF-40AB-8550-9A89B0BD31BF}.Debug|Any CPU.ActiveCfg = Debug|Win32
		{2473BFDC-14BF-40AB-8550-9A89B0BD31BF}.Debug|ARM.ActiveCfg = Debug|Win32
		{2473BFDC-14BF-40AB-8550-9A89B0BD31BF}.Debug|Mixed Platforms.ActiveCfg = Debug|Win32
		{2473BFDC-14BF-40AB-8550-9A89B0BD31BF}.Debug|Mixed Platforms.Build.0 = Debug|Win32
		{2473BFDC-14BF-40AB-8550-9A89B0BD31BF}.Debug|Win32.ActiveCfg = Debug|Win32
		{2473BFDC-14BF-40AB-8550-9A89B0BD31BF}.Debug|Win32.Build.0 = Debug|Win32
		{2473BFDC-14BF-40AB-8550-9A89B0BD31BF}.Debug|x64.ActiveCfg = Debug|Win32
		{2473BFDC-14BF-40AB-8550-9A89B0BD31BF}.Release|Any CPU.ActiveCfg = Release|Win32
		{2473BFDC-14BF-40AB-8550-9A89B0BD31BF}.Release|ARM.ActiveCfg = Release|Win32
		{2473BFDC-14BF-40AB-8550-9A89B0BD31BF}.Release|Mixed Platforms.ActiveCfg = Release|Win32
		{2473BFDC-14BF-40AB-8550-9A89B0BD31BF}.Release|Mixed Platforms.Build.0 = Release|Win32
		{2473BFDC-14BF-40AB-8550-9A89B0BD31BF}.Release|Win32.ActiveCfg = Release|Win32
		{2473BFDC-14BF-40AB-8550-9A89B0BD31BF}.Release|Win32.Build.0 = Release|Win32
		{2473BFDC-14BF-40AB-8550-9A89B0BD31BF}.Release|x64.ActiveCfg = Release|Win32
		{EFB44A02-4452-4CD7-95C6-6928C7F5CD13}.Debug|Any CPU.ActiveCfg = Debug|Win32
		{EFB44A02-4452-4CD7-95C6-6928C7F5CD13}.Debug|ARM.ActiveCfg = Debug|Win32
		{EFB44A02-4452-4CD7-95C6-6928C7F5CD13}.Debug|Mixed Platforms.ActiveCfg = Debug|Win32
		{EFB44A02-4452-4CD7-95C6-6928C7F5CD13}.Debug|Mixed Platforms.Build.0 = Debug|Win32
		{EFB44A02-4452-4CD7-95C6-6928C7F5CD13}.Debug|Win32.ActiveCfg = Debug|Win32
		{EFB44A02-4452-4CD7-95C6-6928C7F5CD13}.Debug|Win32.Build.0 = Debug|Win32
		{EFB44A02-4452-4CD7-95C6-6928C7F5CD13}.Debug|x64.ActiveCfg = Debug|Win32
		{EFB44A02-4452-4CD7-95C6-6928C7F5CD13}.Release|Any CPU.ActiveCfg = Release|Win32
		{EFB44A02-4452-4CD7-95C6-6928C7F5CD13}.Release|ARM.ActiveCfg = Release|Win32
		{EFB44A02-4452-4CD7-95C6-6928C7F5CD13}.Release|Mixed Platforms.ActiveCfg = Release|Win32
		{EFB44A02-4452-4CD7-95C6-6928C7F5CD13}.Release|Mixed Platforms.Build.0 = Release|Win32
		{EFB44A02-4452-4CD7-95C6-6928C7F5CD13}.Release|Win32.ActiveCfg = Release|Win32
		{EFB44A02-4452-4CD7-95C6-6928C7F5CD13}.Release|Win32.Build.0 = Release|Win32
		{EFB44A02-4452-4CD7-95C6-6928C7F5CD13}.Release|x64.ActiveCfg = Release|Win32
		{17036E3F-AE75-408E-889B-273CF7FEB82A}.Debug|Any CPU.ActiveCfg = Debug|Win32
		{17036E3F-AE75-408E-889B-273CF7FEB82A}.Debug|ARM.ActiveCfg = Debug|Win32
		{17036E3F-AE75-408E-889B-273CF7FEB82A}.Debug|Mixed Platforms.ActiveCfg = Debug|Win32
		{17036E3F-AE75-408E-889B-273CF7FEB82A}.Debug|Mixed Platforms.Build.0 = Debug|Win32
		{17036E3F-AE75-408E-889B-273CF7FEB82A}.Debug|Win32.ActiveCfg = Debug|Win32
		{17036E3F-AE75-408E-889B-273CF7FEB82A}.Debug|Win32.Build.0 = Debug|Win32
		{17036E3F-AE75-408E-889B-273CF7FEB82A}.Debug|x64.ActiveCfg = Debug|Win32
		{17036E3F-AE75-408E-889B-273CF7FEB82A}.Release|Any CPU.ActiveCfg = Release|Win32
		{17036E3F-AE75-408E-889B-273CF7FEB82A}.Release|ARM.ActiveCfg = Release|Win32
		{17036E3F-AE75-408E-889B-273CF7FEB82A}.Release|Mixed Platforms.ActiveCfg = Release|Win32
		{17036E3F-AE75-408E-889B-273CF7FEB82A}.Release|Mixed Platforms.Build.0 = Release|Win32
		{17036E3F-AE75-408E-889B-273CF7FEB82A}.Release|Win32.ActiveCfg = Release|Win32
		{17036E3F-AE75-408E-889B-273CF7FEB82A}.Release|Win32.Build.0 = Release|Win32
		{17036E3F-AE75-408E-889B-273CF7FEB82A}.Release|x64.ActiveCfg = Release|Win32
		{78A1B825-D059-402A-9D6D-569ED068DFA0}.Debug|Any CPU.ActiveCfg = Debug|Win32
		{78A1B825-D059-402A-9D6D-569ED068DFA0}.Debug|ARM.ActiveCfg = Debug|Win32
		{78A1B825-D059-402A-9D6D-569ED068DFA0}.Debug|Mixed Platforms.ActiveCfg = Debug|Win32
		{78A1B825-D059-402A-9D6D-569ED068DFA0}.Debug|Mixed Platforms.Build.0 = Debug|Win32
		{78A1B825-D059-402A-9D6D-569ED068DFA0}.Debug|Win32.ActiveCfg = Debug|Win32
		{78A1B825-D059-402A-9D6D-569ED068DFA0}.Debug|Win32.Build.0 = Debug|Win32
		{78A1B825-D059-402A-9D6D-569ED068DFA0}.Debug|x64.ActiveCfg = Debug|Win32
		{78A1B825-D059-402A-9D6D-569ED068DFA0}.Release|Any CPU.ActiveCfg = Release|Win32
		{78A1B825-D059-402A-9D6D-569ED068DFA0}.Release|ARM.ActiveCfg = Release|Win32
		{78A1B825-D059-402A-9D6D-569ED068DFA0}.Release|Mixed Platforms.ActiveCfg = Release|Win32
		{78A1B825-D059-402A-9D6D-569ED068DFA0}.Release|Mixed Platforms.Build.0 = Release|Win32
		{78A1B825-D059-402A-9D6D-569ED068DFA0}.Release|Win32.ActiveCfg = Release|Win32
		{78A1B825-D059-402A-9D6D-569ED068DFA0}.Release|Win32.Build.0 = Release|Win32
		{78A1B825-D059-402A-9D6D-569ED068DFA0}.Release|x64.ActiveCfg = Release|Win32
		{1E75F537-810D-4CF5-A35B-3140AC445809}.Debug|Any CPU.ActiveCfg = Debug|Win32
		{1E75F537-810D-4CF5-A35B-3140AC445809}.Debug|ARM.ActiveCfg = Debug|Win32
		{1E75F537-810D-4CF5-A35B-3140AC445809}.Debug|Mixed Platforms.ActiveCfg = Debug|Win32
		{1E75F537-810D-4CF5-A35B-3140AC445809}.Debug|Mixed Platforms.Build.0 = Debug|Win32
		{1E75F537-810D-4CF5-A35B-3140AC445809}.Debug|Win32.ActiveCfg = Debug|Win32
		{1E75F537-810D-4CF5-A35B-3140AC445809}.Debug|Win32.Build.0 = Debug|Win32
		{1E75F537-810D-4CF5-A35B-3140AC445809}.Debug|x64.ActiveCfg = Debug|Win32
		{1E75F537-810D-4CF5-A35B-3140AC445809}.Release|Any CPU.ActiveCfg = Release|Win32
		{1E75F537-810D-4CF5-A35B-3140AC445809}.Release|ARM.ActiveCfg = Release|Win32
		{1E75F537-810D-4CF5-A35B-3140AC445809}.Release|Mixed Platforms.ActiveCfg = Release|Win32
		{1E75F537-810D-4CF5-A35B-3140AC445809}.Release|Mixed Platforms.Build.0 = Release|Win32
		{1E75F537-810D-4CF5-A35B-3140AC445809}.Release|Win32.ActiveCfg = Release|Win32
		{1E75F537-810D-4CF5-A35B-3140AC445809}.Release|Win32.Build.0 = Release|Win32
		{1E75F537-810D-4CF5-A35B-3140AC445809}.Release|x64.ActiveCfg = Release|Win32
		{3F80A48B-E6AD-41AB-A29E-3EBD7CAC14B9}.Debug|Any CPU.ActiveCfg = Debug|Win32
		{3F80A48B-E6AD-41AB-A29E-3EBD7CAC14B9}.Debug|ARM.ActiveCfg = Debug|Win32
		{3F80A48B-E6AD-41AB-A29E-3EBD7CAC14B9}.Debug|Mixed Platforms.ActiveCfg = Debug|Win32
		{3F80A48B-E6AD-41AB-A29E-3EBD7CAC14B9}.Debug|Mixed Platforms.Build.0 = Debug|Win32
		{3F80A48B-E6AD-41AB-A29E-3EBD7CAC14B9}.Debug|Win32.ActiveCfg = Debug|Win32
		{3F80A48B-E6AD-41AB-A29E-3EBD7CAC14B9}.Debug|Win32.Build.0 = Debug|Win32
		{3F80A48B-E6AD-41AB-A29E-3EBD7CAC14B9}.Debug|x64.ActiveCfg = Debug|Win32
		{3F80A48B-E6AD-41AB-A29E-3EBD7CAC14B9}.Release|Any CPU.ActiveCfg = Release|Win32
		{3F80A48B-E6AD-41AB-A29E-3EBD7CAC14B9}.Release|ARM.ActiveCfg = Release|Win32
		{3F80A48B-E6AD-41AB-A29E-3EBD7CAC14B9}.Release|Mixed Platforms.ActiveCfg = Release|Win32
		{3F80A48B-E6AD-41AB-A29E-3EBD7CAC14B9}.Release|Mixed Platforms.Build.0 = Release|Win32
		{3F80A48B-E6AD-41AB-A29E-3EBD7CAC14B9}.Release|Win32.ActiveCfg = Release|Win32
		{3F80A48B-E6AD-41AB-A29E-3EBD7CAC14B9}.Release|Win32.Build.0 = Release|Win32
		{3F80A48B-E6AD-41AB-A29E-3EBD7CAC14B9}.Release|x64.ActiveCfg = Release|Win32
		{F4E94186-2532-4729-B485-2D2F5F6F7836}.Debug|Any CPU.ActiveCfg = Debug|Any CPU
		{F4E94186-2532-4729-B485-2D2F5F6F7836}.Debug|Any CPU.Build.0 = Debug|Any CPU
		{F4E94186-2532-4729-B485-2D2F5F6F7836}.Debug|ARM.ActiveCfg = Debug|Any CPU
		{F4E94186-2532-4729-B485-2D2F5F6F7836}.Debug|Mixed Platforms.ActiveCfg = Debug|Any CPU
		{F4E94186-2532-4729-B485-2D2F5F6F7836}.Debug|Mixed Platforms.Build.0 = Debug|Any CPU
		{F4E94186-2532-4729-B485-2D2F5F6F7836}.Debug|Win32.ActiveCfg = Debug|Any CPU
		{F4E94186-2532-4729-B485-2D2F5F6F7836}.Debug|x64.ActiveCfg = Debug|Any CPU
		{F4E94186-2532-4729-B485-2D2F5F6F7836}.Release|Any CPU.ActiveCfg = Release|Any CPU
		{F4E94186-2532-4729-B485-2D2F5F6F7836}.Release|Any CPU.Build.0 = Release|Any CPU
		{F4E94186-2532-4729-B485-2D2F5F6F7836}.Release|ARM.ActiveCfg = Release|Any CPU
		{F4E94186-2532-4729-B485-2D2F5F6F7836}.Release|Mixed Platforms.ActiveCfg = Release|Any CPU
		{F4E94186-2532-4729-B485-2D2F5F6F7836}.Release|Mixed Platforms.Build.0 = Release|Any CPU
		{F4E94186-2532-4729-B485-2D2F5F6F7836}.Release|Win32.ActiveCfg = Release|Any CPU
		{F4E94186-2532-4729-B485-2D2F5F6F7836}.Release|x64.ActiveCfg = Release|Any CPU
		{61866223-C7B5-409D-9C8D-B3A3162BD582}.Debug|Any CPU.ActiveCfg = Debug|Win32
		{61866223-C7B5-409D-9C8D-B3A3162BD582}.Debug|ARM.ActiveCfg = Debug|Win32
		{61866223-C7B5-409D-9C8D-B3A3162BD582}.Debug|Mixed Platforms.ActiveCfg = Debug|Win32
		{61866223-C7B5-409D-9C8D-B3A3162BD582}.Debug|Mixed Platforms.Build.0 = Debug|Win32
		{61866223-C7B5-409D-9C8D-B3A3162BD582}.Debug|Win32.ActiveCfg = Debug|Win32
		{61866223-C7B5-409D-9C8D-B3A3162BD582}.Debug|Win32.Build.0 = Debug|Win32
		{61866223-C7B5-409D-9C8D-B3A3162BD582}.Debug|x64.ActiveCfg = Debug|Win32
		{61866223-C7B5-409D-9C8D-B3A3162BD582}.Release|Any CPU.ActiveCfg = Release|Win32
		{61866223-C7B5-409D-9C8D-B3A3162BD582}.Release|ARM.ActiveCfg = Release|Win32
		{61866223-C7B5-409D-9C8D-B3A3162BD582}.Release|Mixed Platforms.ActiveCfg = Release|Win32
		{61866223-C7B5-409D-9C8D-B3A3162BD582}.Release|Mixed Platforms.Build.0 = Release|Win32
		{61866223-C7B5-409D-9C8D-B3A3162BD582}.Release|Win32.ActiveCfg = Release|Win32
		{61866223-C7B5-409D-9C8D-B3A3162BD582}.Release|Win32.Build.0 = Release|Win32
		{61866223-C7B5-409D-9C8D-B3A3162BD582}.Release|x64.ActiveCfg = Release|Win32
		{786F3660-CA2F-4B63-9FDF-A4DA87339DDF}.Debug|Any CPU.ActiveCfg = Debug|Win32
		{786F3660-CA2F-4B63-9FDF-A4DA87339DDF}.Debug|ARM.ActiveCfg = Debug|Win32
		{786F3660-CA2F-4B63-9FDF-A4DA87339DDF}.Debug|Mixed Platforms.ActiveCfg = Debug|Win32
		{786F3660-CA2F-4B63-9FDF-A4DA87339DDF}.Debug|Mixed Platforms.Build.0 = Debug|Win32
		{786F3660-CA2F-4B63-9FDF-A4DA87339DDF}.Debug|Win32.ActiveCfg = Debug|Win32
		{786F3660-CA2F-4B63-9FDF-A4DA87339DDF}.Debug|Win32.Build.0 = Debug|Win32
		{786F3660-CA2F-4B63-9FDF-A4DA87339DDF}.Debug|x64.ActiveCfg = Debug|Win32
		{786F3660-CA2F-4B63-9FDF-A4DA87339DDF}.Release|Any CPU.ActiveCfg = Release|Win32
		{786F3660-CA2F-4B63-9FDF-A4DA87339DDF}.Release|ARM.ActiveCfg = Release|Win32
		{786F3660-CA2F-4B63-9FDF-A4DA87339DDF}.Release|Mixed Platforms.ActiveCfg = Release|Win32
		{786F3660-CA2F-4B63-9FDF-A4DA87339DDF}.Release|Mixed Platforms.Build.0 = Release|Win32
		{786F3660-CA2F-4B63-9FDF-A4DA87339DDF}.Release|Win32.ActiveCfg = Release|Win32
		{786F3660-CA2F-4B63-9FDF-A4DA87339DDF}.Release|Win32.Build.0 = Release|Win32
		{786F3660-CA2F-4B63-9FDF-A4DA87339DDF}.Release|x64.ActiveCfg = Release|Win32
		{7FF0B351-DFBD-4CB5-B504-030F4D07F5BD}.Debug|Any CPU.ActiveCfg = Debug|Win32
		{7FF0B351-DFBD-4CB5-B504-030F4D07F5BD}.Debug|ARM.ActiveCfg = Debug|Win32
		{7FF0B351-DFBD-4CB5-B504-030F4D07F5BD}.Debug|Mixed Platforms.ActiveCfg = Debug|Win32
		{7FF0B351-DFBD-4CB5-B504-030F4D07F5BD}.Debug|Mixed Platforms.Build.0 = Debug|Win32
		{7FF0B351-DFBD-4CB5-B504-030F4D07F5BD}.Debug|Win32.ActiveCfg = Debug|Win32
		{7FF0B351-DFBD-4CB5-B504-030F4D07F5BD}.Debug|Win32.Build.0 = Debug|Win32
		{7FF0B351-DFBD-4CB5-B504-030F4D07F5BD}.Debug|x64.ActiveCfg = Debug|Win32
		{7FF0B351-DFBD-4CB5-B504-030F4D07F5BD}.Release|Any CPU.ActiveCfg = Release|Win32
		{7FF0B351-DFBD-4CB5-B504-030F4D07F5BD}.Release|ARM.ActiveCfg = Release|Win32
		{7FF0B351-DFBD-4CB5-B504-030F4D07F5BD}.Release|Mixed Platforms.ActiveCfg = Release|Win32
		{7FF0B351-DFBD-4CB5-B504-030F4D07F5BD}.Release|Mixed Platforms.Build.0 = Release|Win32
		{7FF0B351-DFBD-4CB5-B504-030F4D07F5BD}.Release|Win32.ActiveCfg = Release|Win32
		{7FF0B351-DFBD-4CB5-B504-030F4D07F5BD}.Release|Win32.Build.0 = Release|Win32
		{7FF0B351-DFBD-4CB5-B504-030F4D07F5BD}.Release|x64.ActiveCfg = Release|Win32
		{ACDB8E69-B1E1-4437-8C02-9941E2238BC4}.Debug|Any CPU.ActiveCfg = Debug|Win32
		{ACDB8E69-B1E1-4437-8C02-9941E2238BC4}.Debug|ARM.ActiveCfg = Debug|Win32
		{ACDB8E69-B1E1-4437-8C02-9941E2238BC4}.Debug|Mixed Platforms.ActiveCfg = Debug|Win32
		{ACDB8E69-B1E1-4437-8C02-9941E2238BC4}.Debug|Mixed Platforms.Build.0 = Debug|Win32
		{ACDB8E69-B1E1-4437-8C02-9941E2238BC4}.Debug|Win32.ActiveCfg = Debug|Win32
		{ACDB8E69-B1E1-4437-8C02-9941E2238BC4}.Debug|Win32.Build.0 = Debug|Win32
		{ACDB8E69-B1E1-4437-8C02-9941E2238BC4}.Debug|x64.ActiveCfg = Debug|Win32
		{ACDB8E69-B1E1-4437-8C02-9941E2238BC4}.Release|Any CPU.ActiveCfg = Release|Win32
		{ACDB8E69-B1E1-4437-8C02-9941E2238BC4}.Release|ARM.ActiveCfg = Release|Win32
		{ACDB8E69-B1E1-4437-8C02-9941E2238BC4}.Release|Mixed Platforms.ActiveCfg = Release|Win32
		{ACDB8E69-B1E1-4437-8C02-9941E2238BC4}.Release|Mixed Platforms.Build.0 = Release|Win32
		{ACDB8E69-B1E1-4437-8C02-9941E2238BC4}.Release|Win32.ActiveCfg = Release|Win32
		{ACDB8E69-B1E1-4437-8C02-9941E2238BC4}.Release|Win32.Build.0 = Release|Win32
		{ACDB8E69-B1E1-4437-8C02-9941E2238BC4}.Release|x64.ActiveCfg = Release|Win32
	EndGlobalSection
	GlobalSection(SolutionProperties) = preSolution
		HideSolutionNode = FALSE
	EndGlobalSection
	GlobalSection(NestedProjects) = preSolution
		{99B4A273-58B4-42B1-8ED4-75D4629388AE} = {6993FE59-6692-4AA0-A4A4-5B3C2856ABBD}
		{29B3AD40-398F-47E2-8D56-254DD619BA07} = {6993FE59-6692-4AA0-A4A4-5B3C2856ABBD}
		{10DC3023-4AB6-40C3-ACFF-41826051AC5E} = {79FCAD13-C8B3-4E3D-B2D0-3C71169E6DF9}
		{85BF1E29-20C9-4C7D-9161-3A163F85DD08} = {79FCAD13-C8B3-4E3D-B2D0-3C71169E6DF9}
		{BAC2A631-AFDA-49B3-A79F-580F558D1DB7} = {4358E929-5EA5-49E1-80BF-F9253EEDE375}
		{D73EB5EB-48B6-4777-AEF7-A76F5FDA411B} = {9C191966-92EF-41CD-8223-3558505E757D}
		{3AB92265-B121-401E-A97B-EEAE018268AE} = {9C191966-92EF-41CD-8223-3558505E757D}
		{FC87E784-9C8C-4885-8228-CD6FAF79C1F4} = {F6A558A6-833B-4B36-9248-949D7C0B82BF}
		{8B24D5FF-8FB0-4B99-A5B3-382158B9F997} = {F6A558A6-833B-4B36-9248-949D7C0B82BF}
		{B92FA8F8-9114-42FD-A0FF-F8363D6A0225} = {F6A558A6-833B-4B36-9248-949D7C0B82BF}
		{65ACF74B-F23E-4F8E-AFFC-991C6801BFAA} = {B3E43F08-BD59-4866-9682-B46EB93FEFF6}
		{954D74C4-FA61-4065-84A0-8D79449CA8DB} = {B3E43F08-BD59-4866-9682-B46EB93FEFF6}
		{FE3B8E28-C29F-4587-B56A-FDDCA8C9511D} = {B3E43F08-BD59-4866-9682-B46EB93FEFF6}
		{CBEB88F2-B4B4-4D76-8518-9788EC80AA2A} = {6993FE59-6692-4AA0-A4A4-5B3C2856ABBD}
		{7BB357A2-9128-482B-A0B1-F5996D004AE5} = {6993FE59-6692-4AA0-A4A4-5B3C2856ABBD}
		{09760B3B-FA9B-447F-A3CF-7C02CDA7BE10} = {4358E929-5EA5-49E1-80BF-F9253EEDE375}
		{2473BFDC-14BF-40AB-8550-9A89B0BD31BF} = {4358E929-5EA5-49E1-80BF-F9253EEDE375}
		{EFB44A02-4452-4CD7-95C6-6928C7F5CD13} = {9C191966-92EF-41CD-8223-3558505E757D}
		{17036E3F-AE75-408E-889B-273CF7FEB82A} = {79FCAD13-C8B3-4E3D-B2D0-3C71169E6DF9}
		{78A1B825-D059-402A-9D6D-569ED068DFA0} = {79FCAD13-C8B3-4E3D-B2D0-3C71169E6DF9}
		{1E75F537-810D-4CF5-A35B-3140AC445809} = {BF06E127-E05D-4E5B-8639-F78393FA696C}
		{3F80A48B-E6AD-41AB-A29E-3EBD7CAC14B9} = {42C63585-0630-4CC9-B0A9-2DFD6690DF57}
		{61866223-C7B5-409D-9C8D-B3A3162BD582} = {42C63585-0630-4CC9-B0A9-2DFD6690DF57}
		{786F3660-CA2F-4B63-9FDF-A4DA87339DDF} = {42C63585-0630-4CC9-B0A9-2DFD6690DF57}
		{7FF0B351-DFBD-4CB5-B504-030F4D07F5BD} = {BF06E127-E05D-4E5B-8639-F78393FA696C}
		{ACDB8E69-B1E1-4437-8C02-9941E2238BC4} = {B3E43F08-BD59-4866-9682-B46EB93FEFF6}
	EndGlobalSection
EndGlobal
