
Microsoft Visual Studio Solution File, Format Version 12.00
# Visual Studio 2013
VisualStudioVersion = 12.0.30723.0
MinimumVisualStudioVersion = 10.0.40219.1
Project("{8BC9CEB8-8B4A-11D0-8D11-00A0C91BC942}") = "cppDemos", "cppDemos\cppDemos.vcxproj", "{2AC6DF33-DAA6-4627-A089-D5825EA42AC3}"
EndProject
Project("{8BC9CEB8-8B4A-11D0-8D11-00A0C91BC942}") = "CPPConsoleApplicationHello", "CPPConsoleApplicationHello\CPPConsoleApplicationHello\CPPConsoleApplicationHello.vcxproj", "{99B4A273-58B4-42B1-8ED4-75D4629388AE}"
EndProject
Project("{8BC9CEB8-8B4A-11D0-8D11-00A0C91BC942}") = "CPPConsoleApplicationCLRHello", "CPPConsoleApplicationCLRHello\CPPConsoleApplicationCLRHello.vcxproj", "{29B3AD40-398F-47E2-8D56-254DD619BA07}"
EndProject
Project("{2150E333-8FDC-42A3-9474-1A3956D46DE8}") = "Week1", "Week1", "{6993FE59-6692-4AA0-A4A4-5B3C2856ABBD}"
EndProject
Project("{8BC9CEB8-8B4A-11D0-8D11-00A0C91BC942}") = "CPPConsoleApplicationDog", "CPPConsoleApplicationDog\CPPConsoleApplicationDog\CPPConsoleApplicationDog.vcxproj", "{10DC3023-4AB6-40C3-ACFF-41826051AC5E}"
EndProject
Project("{8BC9CEB8-8B4A-11D0-8D11-00A0C91BC942}") = "CPPConsoleApplicationBesenji", "CPPConsoleApplicationBesenji\CPPConsoleApplicationBesenji\CPPConsoleApplicationBesenji.vcxproj", "{85BF1E29-20C9-4C7D-9161-3A163F85DD08}"
EndProject
Project("{8BC9CEB8-8B4A-11D0-8D11-00A0C91BC942}") = "CPPConsoleApplicationTypes", "CPPConsoleApplicationTypes\CPPConsoleApplicationTypes\CPPConsoleApplicationTypes.vcxproj", "{BAC2A631-AFDA-49B3-A79F-580F558D1DB7}"
EndProject
Project("{2150E333-8FDC-42A3-9474-1A3956D46DE8}") = "Week2", "Week2", "{4358E929-5EA5-49E1-80BF-F9253EEDE375}"
EndProject
Project("{8BC9CEB8-8B4A-11D0-8D11-00A0C91BC942}") = "CPPConsoleApplicationVector", "CPPConsoleApplicationVector\CPPConsoleApplicationVector.vcxproj", "{D73EB5EB-48B6-4777-AEF7-A76F5FDA411B}"
EndProject
Project("{8BC9CEB8-8B4A-11D0-8D11-00A0C91BC942}") = "CPPConsoleApplicationTemplate", "CPPConsoleApplicationTemplate\CPPConsoleApplicationTemplate.vcxproj", "{3AB92265-B121-401E-A97B-EEAE018268AE}"
EndProject
Project("{2150E333-8FDC-42A3-9474-1A3956D46DE8}") = "oopLib", "oopLib", "{F6A558A6-833B-4B36-9248-949D7C0B82BF}"
EndProject
Project("{8BC9CEB8-8B4A-11D0-8D11-00A0C91BC942}") = "oopLib.Shared", "oopLib\oopLib.Shared\oopLib.Shared.vcxitems", "{FC87E784-9C8C-4885-8228-CD6FAF79C1F4}"
EndProject
Project("{8BC9CEB8-8B4A-11D0-8D11-00A0C91BC942}") = "oopLib.Windows", "oopLib\oopLib.Windows\oopLib.Windows.vcxproj", "{8B24D5FF-8FB0-4B99-A5B3-382158B9F997}"
EndProject
Project("{8BC9CEB8-8B4A-11D0-8D11-00A0C91BC942}") = "oopLib.WindowsPhone", "oopLib\oopLib.WindowsPhone\oopLib.WindowsPhone.vcxproj", "{B92FA8F8-9114-42FD-A0FF-F8363D6A0225}"
EndProject
Project("{8BC9CEB8-8B4A-11D0-8D11-00A0C91BC942}") = "CPPConsoleApplicationDogFromLib", "CPPConsoleApplicationDogFromLib\CPPConsoleApplicationDogFromLib.vcxproj", "{1E75F537-810D-4CF5-A35B-3140AC445809}"
EndProject
Project("{2150E333-8FDC-42A3-9474-1A3956D46DE8}") = "DirectX", "DirectX", "{B3E43F08-BD59-4866-9682-B46EB93FEFF6}"
EndProject
Project("{8BC9CEB8-8B4A-11D0-8D11-00A0C91BC942}") = "CPPDirectXApp", "DirectX\CPPDirectXApp\CPPDirectXApp\CPPDirectXApp.vcxproj", "{65ACF74B-F23E-4F8E-AFFC-991C6801BFAA}"
EndProject
Project("{8BC9CEB8-8B4A-11D0-8D11-00A0C91BC942}") = "CPPHelloDirectX.Shared", "DirectX\CPPHelloDirectX\CPPHelloDirectX\CPPHelloDirectX.Shared\CPPHelloDirectX.Shared.vcxitems", "{954D74C4-FA61-4065-84A0-8D79449CA8DB}"
EndProject
Project("{8BC9CEB8-8B4A-11D0-8D11-00A0C91BC942}") = "CPPHelloDirectX.Windows", "DirectX\CPPHelloDirectX\CPPHelloDirectX\CPPHelloDirectX.Windows\CPPHelloDirectX.Windows.vcxproj", "{FE3B8E28-C29F-4587-B56A-FDDCA8C9511D}"
EndProject
Project("{8BC9CEB8-8B4A-11D0-8D11-00A0C91BC942}") = "CHelloWorld", "CHelloWorld\CHelloWorld.vcxproj", "{CBEB88F2-B4B4-4D76-8518-9788EC80AA2A}"
EndProject
Project("{8BC9CEB8-8B4A-11D0-8D11-00A0C91BC942}") = "CPPConsoleApplicationSimpleIO", "CPPConsoleApplicationSimpleIO\CPPConsoleApplicationSimpleIO.vcxproj", "{7BB357A2-9128-482B-A0B1-F5996D004AE5}"
EndProject
Project("{8BC9CEB8-8B4A-11D0-8D11-00A0C91BC942}") = "CPPConsoleApplicationFunctions", "CPPConsoleApplicationFunctions\CPPConsoleApplicationFunctions.vcxproj", "{09760B3B-FA9B-447F-A3CF-7C02CDA7BE10}"
EndProject
Project("{8BC9CEB8-8B4A-11D0-8D11-00A0C91BC942}") = "CConsoleApplicationMemoryHeap", "CConsoleApplicationMemoryHeap\CConsoleApplicationMemoryHeap.vcxproj", "{2473BFDC-14BF-40AB-8550-9A89B0BD31BF}"
EndProject
Project("{2150E333-8FDC-42A3-9474-1A3956D46DE8}") = "Week3", "Week3", "{9C191966-92EF-41CD-8223-3558505E757D}"
EndProject
Project("{2150E333-8FDC-42A3-9474-1A3956D46DE8}") = "Week4", "Week4", "{79FCAD13-C8B3-4E3D-B2D0-3C71169E6DF9}"
EndProject
Global
	GlobalSection(SharedMSBuildProjectFiles) = preSolution
		oopLib\oopLib.Shared\oopLib.Shared.vcxitems*{fc87e784-9c8c-4885-8228-cd6faf79c1f4}*SharedItemsImports = 9
		DirectX\CPPHelloDirectX\CPPHelloDirectX\CPPHelloDirectX.Shared\CPPHelloDirectX.Shared.vcxitems*{fe3b8e28-c29f-4587-b56a-fddca8c9511d}*SharedItemsImports = 4
		oopLib\oopLib.Shared\oopLib.Shared.vcxitems*{b92fa8f8-9114-42fd-a0ff-f8363d6a0225}*SharedItemsImports = 4
		DirectX\CPPHelloDirectX\CPPHelloDirectX\CPPHelloDirectX.Shared\CPPHelloDirectX.Shared.vcxitems*{954d74c4-fa61-4065-84a0-8d79449ca8db}*SharedItemsImports = 9
		oopLib\oopLib.Shared\oopLib.Shared.vcxitems*{8b24d5ff-8fb0-4b99-a5b3-382158b9f997}*SharedItemsImports = 4
	EndGlobalSection
	GlobalSection(SolutionConfigurationPlatforms) = preSolution
		Debug|ARM = Debug|ARM
		Debug|Win32 = Debug|Win32
		Debug|x64 = Debug|x64
		Release|ARM = Release|ARM
		Release|Win32 = Release|Win32
		Release|x64 = Release|x64
	EndGlobalSection
	GlobalSection(ProjectConfigurationPlatforms) = postSolution
		{2AC6DF33-DAA6-4627-A089-D5825EA42AC3}.Debug|ARM.ActiveCfg = Debug|Win32
		{2AC6DF33-DAA6-4627-A089-D5825EA42AC3}.Debug|Win32.ActiveCfg = Debug|Win32
		{2AC6DF33-DAA6-4627-A089-D5825EA42AC3}.Debug|Win32.Build.0 = Debug|Win32
		{2AC6DF33-DAA6-4627-A089-D5825EA42AC3}.Debug|x64.ActiveCfg = Debug|Win32
		{2AC6DF33-DAA6-4627-A089-D5825EA42AC3}.Release|ARM.ActiveCfg = Release|Win32
		{2AC6DF33-DAA6-4627-A089-D5825EA42AC3}.Release|Win32.ActiveCfg = Release|Win32
		{2AC6DF33-DAA6-4627-A089-D5825EA42AC3}.Release|Win32.Build.0 = Release|Win32
		{2AC6DF33-DAA6-4627-A089-D5825EA42AC3}.Release|x64.ActiveCfg = Release|Win32
		{99B4A273-58B4-42B1-8ED4-75D4629388AE}.Debug|ARM.ActiveCfg = Debug|Win32
		{99B4A273-58B4-42B1-8ED4-75D4629388AE}.Debug|Win32.ActiveCfg = Debug|Win32
		{99B4A273-58B4-42B1-8ED4-75D4629388AE}.Debug|Win32.Build.0 = Debug|Win32
		{99B4A273-58B4-42B1-8ED4-75D4629388AE}.Debug|x64.ActiveCfg = Debug|Win32
		{99B4A273-58B4-42B1-8ED4-75D4629388AE}.Release|ARM.ActiveCfg = Release|Win32
		{99B4A273-58B4-42B1-8ED4-75D4629388AE}.Release|Win32.ActiveCfg = Release|Win32
		{99B4A273-58B4-42B1-8ED4-75D4629388AE}.Release|Win32.Build.0 = Release|Win32
		{99B4A273-58B4-42B1-8ED4-75D4629388AE}.Release|x64.ActiveCfg = Release|Win32
		{29B3AD40-398F-47E2-8D56-254DD619BA07}.Debug|ARM.ActiveCfg = Debug|Win32
		{29B3AD40-398F-47E2-8D56-254DD619BA07}.Debug|Win32.ActiveCfg = Debug|Win32
		{29B3AD40-398F-47E2-8D56-254DD619BA07}.Debug|Win32.Build.0 = Debug|Win32
		{29B3AD40-398F-47E2-8D56-254DD619BA07}.Debug|x64.ActiveCfg = Debug|Win32
		{29B3AD40-398F-47E2-8D56-254DD619BA07}.Release|ARM.ActiveCfg = Release|Win32
		{29B3AD40-398F-47E2-8D56-254DD619BA07}.Release|Win32.ActiveCfg = Release|Win32
		{29B3AD40-398F-47E2-8D56-254DD619BA07}.Release|Win32.Build.0 = Release|Win32
		{29B3AD40-398F-47E2-8D56-254DD619BA07}.Release|x64.ActiveCfg = Release|Win32
		{10DC3023-4AB6-40C3-ACFF-41826051AC5E}.Debug|ARM.ActiveCfg = Debug|Win32
		{10DC3023-4AB6-40C3-ACFF-41826051AC5E}.Debug|Win32.ActiveCfg = Debug|Win32
		{10DC3023-4AB6-40C3-ACFF-41826051AC5E}.Debug|Win32.Build.0 = Debug|Win32
		{10DC3023-4AB6-40C3-ACFF-41826051AC5E}.Debug|x64.ActiveCfg = Debug|Win32
		{10DC3023-4AB6-40C3-ACFF-41826051AC5E}.Release|ARM.ActiveCfg = Release|Win32
		{10DC3023-4AB6-40C3-ACFF-41826051AC5E}.Release|Win32.ActiveCfg = Release|Win32
		{10DC3023-4AB6-40C3-ACFF-41826051AC5E}.Release|Win32.Build.0 = Release|Win32
		{10DC3023-4AB6-40C3-ACFF-41826051AC5E}.Release|x64.ActiveCfg = Release|Win32
		{85BF1E29-20C9-4C7D-9161-3A163F85DD08}.Debug|ARM.ActiveCfg = Debug|Win32
		{85BF1E29-20C9-4C7D-9161-3A163F85DD08}.Debug|Win32.ActiveCfg = Debug|Win32
		{85BF1E29-20C9-4C7D-9161-3A163F85DD08}.Debug|Win32.Build.0 = Debug|Win32
		{85BF1E29-20C9-4C7D-9161-3A163F85DD08}.Debug|x64.ActiveCfg = Debug|Win32
		{85BF1E29-20C9-4C7D-9161-3A163F85DD08}.Release|ARM.ActiveCfg = Release|Win32
		{85BF1E29-20C9-4C7D-9161-3A163F85DD08}.Release|Win32.ActiveCfg = Release|Win32
		{85BF1E29-20C9-4C7D-9161-3A163F85DD08}.Release|Win32.Build.0 = Release|Win32
		{85BF1E29-20C9-4C7D-9161-3A163F85DD08}.Release|x64.ActiveCfg = Release|Win32
		{BAC2A631-AFDA-49B3-A79F-580F558D1DB7}.Debug|ARM.ActiveCfg = Debug|Win32
		{BAC2A631-AFDA-49B3-A79F-580F558D1DB7}.Debug|Win32.ActiveCfg = Debug|Win32
		{BAC2A631-AFDA-49B3-A79F-580F558D1DB7}.Debug|Win32.Build.0 = Debug|Win32
		{BAC2A631-AFDA-49B3-A79F-580F558D1DB7}.Debug|x64.ActiveCfg = Debug|Win32
		{BAC2A631-AFDA-49B3-A79F-580F558D1DB7}.Release|ARM.ActiveCfg = Release|Win32
		{BAC2A631-AFDA-49B3-A79F-580F558D1DB7}.Release|Win32.ActiveCfg = Release|Win32
		{BAC2A631-AFDA-49B3-A79F-580F558D1DB7}.Release|Win32.Build.0 = Release|Win32
		{BAC2A631-AFDA-49B3-A79F-580F558D1DB7}.Release|x64.ActiveCfg = Release|Win32
		{D73EB5EB-48B6-4777-AEF7-A76F5FDA411B}.Debug|ARM.ActiveCfg = Debug|Win32
		{D73EB5EB-48B6-4777-AEF7-A76F5FDA411B}.Debug|Win32.ActiveCfg = Debug|Win32
		{D73EB5EB-48B6-4777-AEF7-A76F5FDA411B}.Debug|Win32.Build.0 = Debug|Win32
		{D73EB5EB-48B6-4777-AEF7-A76F5FDA411B}.Debug|x64.ActiveCfg = Debug|Win32
		{D73EB5EB-48B6-4777-AEF7-A76F5FDA411B}.Release|ARM.ActiveCfg = Release|Win32
		{D73EB5EB-48B6-4777-AEF7-A76F5FDA411B}.Release|Win32.ActiveCfg = Release|Win32
		{D73EB5EB-48B6-4777-AEF7-A76F5FDA411B}.Release|Win32.Build.0 = Release|Win32
		{D73EB5EB-48B6-4777-AEF7-A76F5FDA411B}.Release|x64.ActiveCfg = Release|Win32
		{3AB92265-B121-401E-A97B-EEAE018268AE}.Debug|ARM.ActiveCfg = Debug|Win32
		{3AB92265-B121-401E-A97B-EEAE018268AE}.Debug|Win32.ActiveCfg = Debug|Win32
		{3AB92265-B121-401E-A97B-EEAE018268AE}.Debug|Win32.Build.0 = Debug|Win32
		{3AB92265-B121-401E-A97B-EEAE018268AE}.Debug|x64.ActiveCfg = Debug|Win32
		{3AB92265-B121-401E-A97B-EEAE018268AE}.Release|ARM.ActiveCfg = Release|Win32
		{3AB92265-B121-401E-A97B-EEAE018268AE}.Release|Win32.ActiveCfg = Release|Win32
		{3AB92265-B121-401E-A97B-EEAE018268AE}.Release|Win32.Build.0 = Release|Win32
		{3AB92265-B121-401E-A97B-EEAE018268AE}.Release|x64.ActiveCfg = Release|Win32
		{8B24D5FF-8FB0-4B99-A5B3-382158B9F997}.Debug|ARM.ActiveCfg = Debug|ARM
		{8B24D5FF-8FB0-4B99-A5B3-382158B9F997}.Debug|ARM.Build.0 = Debug|ARM
		{8B24D5FF-8FB0-4B99-A5B3-382158B9F997}.Debug|Win32.ActiveCfg = Debug|Win32
		{8B24D5FF-8FB0-4B99-A5B3-382158B9F997}.Debug|Win32.Build.0 = Debug|Win32
		{8B24D5FF-8FB0-4B99-A5B3-382158B9F997}.Debug|x64.ActiveCfg = Debug|x64
		{8B24D5FF-8FB0-4B99-A5B3-382158B9F997}.Debug|x64.Build.0 = Debug|x64
		{8B24D5FF-8FB0-4B99-A5B3-382158B9F997}.Release|ARM.ActiveCfg = Release|ARM
		{8B24D5FF-8FB0-4B99-A5B3-382158B9F997}.Release|ARM.Build.0 = Release|ARM
		{8B24D5FF-8FB0-4B99-A5B3-382158B9F997}.Release|Win32.ActiveCfg = Release|Win32
		{8B24D5FF-8FB0-4B99-A5B3-382158B9F997}.Release|Win32.Build.0 = Release|Win32
		{8B24D5FF-8FB0-4B99-A5B3-382158B9F997}.Release|x64.ActiveCfg = Release|x64
		{8B24D5FF-8FB0-4B99-A5B3-382158B9F997}.Release|x64.Build.0 = Release|x64
		{B92FA8F8-9114-42FD-A0FF-F8363D6A0225}.Debug|ARM.ActiveCfg = Debug|ARM
		{B92FA8F8-9114-42FD-A0FF-F8363D6A0225}.Debug|ARM.Build.0 = Debug|ARM
		{B92FA8F8-9114-42FD-A0FF-F8363D6A0225}.Debug|Win32.ActiveCfg = Debug|Win32
		{B92FA8F8-9114-42FD-A0FF-F8363D6A0225}.Debug|Win32.Build.0 = Debug|Win32
		{B92FA8F8-9114-42FD-A0FF-F8363D6A0225}.Debug|x64.ActiveCfg = Debug|Win32
		{B92FA8F8-9114-42FD-A0FF-F8363D6A0225}.Release|ARM.ActiveCfg = Release|ARM
		{B92FA8F8-9114-42FD-A0FF-F8363D6A0225}.Release|ARM.Build.0 = Release|ARM
		{B92FA8F8-9114-42FD-A0FF-F8363D6A0225}.Release|Win32.ActiveCfg = Release|Win32
		{B92FA8F8-9114-42FD-A0FF-F8363D6A0225}.Release|Win32.Build.0 = Release|Win32
		{B92FA8F8-9114-42FD-A0FF-F8363D6A0225}.Release|x64.ActiveCfg = Release|Win32
		{1E75F537-810D-4CF5-A35B-3140AC445809}.Debug|ARM.ActiveCfg = Debug|Win32
		{1E75F537-810D-4CF5-A35B-3140AC445809}.Debug|Win32.ActiveCfg = Debug|Win32
		{1E75F537-810D-4CF5-A35B-3140AC445809}.Debug|Win32.Build.0 = Debug|Win32
		{1E75F537-810D-4CF5-A35B-3140AC445809}.Debug|x64.ActiveCfg = Debug|Win32
		{1E75F537-810D-4CF5-A35B-3140AC445809}.Release|ARM.ActiveCfg = Release|Win32
		{1E75F537-810D-4CF5-A35B-3140AC445809}.Release|Win32.ActiveCfg = Release|Win32
		{1E75F537-810D-4CF5-A35B-3140AC445809}.Release|Win32.Build.0 = Release|Win32
		{1E75F537-810D-4CF5-A35B-3140AC445809}.Release|x64.ActiveCfg = Release|Win32
		{65ACF74B-F23E-4F8E-AFFC-991C6801BFAA}.Debug|ARM.ActiveCfg = Debug|ARM
		{65ACF74B-F23E-4F8E-AFFC-991C6801BFAA}.Debug|ARM.Build.0 = Debug|ARM
		{65ACF74B-F23E-4F8E-AFFC-991C6801BFAA}.Debug|ARM.Deploy.0 = Debug|ARM
		{65ACF74B-F23E-4F8E-AFFC-991C6801BFAA}.Debug|Win32.ActiveCfg = Debug|Win32
		{65ACF74B-F23E-4F8E-AFFC-991C6801BFAA}.Debug|Win32.Build.0 = Debug|Win32
		{65ACF74B-F23E-4F8E-AFFC-991C6801BFAA}.Debug|Win32.Deploy.0 = Debug|Win32
		{65ACF74B-F23E-4F8E-AFFC-991C6801BFAA}.Debug|x64.ActiveCfg = Debug|x64
		{65ACF74B-F23E-4F8E-AFFC-991C6801BFAA}.Debug|x64.Build.0 = Debug|x64
		{65ACF74B-F23E-4F8E-AFFC-991C6801BFAA}.Debug|x64.Deploy.0 = Debug|x64
		{65ACF74B-F23E-4F8E-AFFC-991C6801BFAA}.Release|ARM.ActiveCfg = Release|ARM
		{65ACF74B-F23E-4F8E-AFFC-991C6801BFAA}.Release|ARM.Build.0 = Release|ARM
		{65ACF74B-F23E-4F8E-AFFC-991C6801BFAA}.Release|ARM.Deploy.0 = Release|ARM
		{65ACF74B-F23E-4F8E-AFFC-991C6801BFAA}.Release|Win32.ActiveCfg = Release|Win32
		{65ACF74B-F23E-4F8E-AFFC-991C6801BFAA}.Release|Win32.Build.0 = Release|Win32
		{65ACF74B-F23E-4F8E-AFFC-991C6801BFAA}.Release|Win32.Deploy.0 = Release|Win32
		{65ACF74B-F23E-4F8E-AFFC-991C6801BFAA}.Release|x64.ActiveCfg = Release|x64
		{65ACF74B-F23E-4F8E-AFFC-991C6801BFAA}.Release|x64.Build.0 = Release|x64
		{65ACF74B-F23E-4F8E-AFFC-991C6801BFAA}.Release|x64.Deploy.0 = Release|x64
		{FE3B8E28-C29F-4587-B56A-FDDCA8C9511D}.Debug|ARM.ActiveCfg = Debug|ARM
		{FE3B8E28-C29F-4587-B56A-FDDCA8C9511D}.Debug|ARM.Build.0 = Debug|ARM
		{FE3B8E28-C29F-4587-B56A-FDDCA8C9511D}.Debug|ARM.Deploy.0 = Debug|ARM
		{FE3B8E28-C29F-4587-B56A-FDDCA8C9511D}.Debug|Win32.ActiveCfg = Debug|Win32
		{FE3B8E28-C29F-4587-B56A-FDDCA8C9511D}.Debug|Win32.Build.0 = Debug|Win32
		{FE3B8E28-C29F-4587-B56A-FDDCA8C9511D}.Debug|Win32.Deploy.0 = Debug|Win32
		{FE3B8E28-C29F-4587-B56A-FDDCA8C9511D}.Debug|x64.ActiveCfg = Debug|x64
		{FE3B8E28-C29F-4587-B56A-FDDCA8C9511D}.Debug|x64.Build.0 = Debug|x64
		{FE3B8E28-C29F-4587-B56A-FDDCA8C9511D}.Debug|x64.Deploy.0 = Debug|x64
		{FE3B8E28-C29F-4587-B56A-FDDCA8C9511D}.Release|ARM.ActiveCfg = Release|ARM
		{FE3B8E28-C29F-4587-B56A-FDDCA8C9511D}.Release|ARM.Build.0 = Release|ARM
		{FE3B8E28-C29F-4587-B56A-FDDCA8C9511D}.Release|ARM.Deploy.0 = Release|ARM
		{FE3B8E28-C29F-4587-B56A-FDDCA8C9511D}.Release|Win32.ActiveCfg = Release|Win32
		{FE3B8E28-C29F-4587-B56A-FDDCA8C9511D}.Release|Win32.Build.0 = Release|Win32
		{FE3B8E28-C29F-4587-B56A-FDDCA8C9511D}.Release|Win32.Deploy.0 = Release|Win32
		{FE3B8E28-C29F-4587-B56A-FDDCA8C9511D}.Release|x64.ActiveCfg = Release|x64
		{FE3B8E28-C29F-4587-B56A-FDDCA8C9511D}.Release|x64.Build.0 = Release|x64
		{FE3B8E28-C29F-4587-B56A-FDDCA8C9511D}.Release|x64.Deploy.0 = Release|x64
		{CBEB88F2-B4B4-4D76-8518-9788EC80AA2A}.Debug|ARM.ActiveCfg = Debug|Win32
		{CBEB88F2-B4B4-4D76-8518-9788EC80AA2A}.Debug|Win32.ActiveCfg = Debug|Win32
		{CBEB88F2-B4B4-4D76-8518-9788EC80AA2A}.Debug|Win32.Build.0 = Debug|Win32
		{CBEB88F2-B4B4-4D76-8518-9788EC80AA2A}.Debug|x64.ActiveCfg = Debug|Win32
		{CBEB88F2-B4B4-4D76-8518-9788EC80AA2A}.Release|ARM.ActiveCfg = Release|Win32
		{CBEB88F2-B4B4-4D76-8518-9788EC80AA2A}.Release|Win32.ActiveCfg = Release|Win32
		{CBEB88F2-B4B4-4D76-8518-9788EC80AA2A}.Release|Win32.Build.0 = Release|Win32
		{CBEB88F2-B4B4-4D76-8518-9788EC80AA2A}.Release|x64.ActiveCfg = Release|Win32
		{7BB357A2-9128-482B-A0B1-F5996D004AE5}.Debug|ARM.ActiveCfg = Debug|Win32
		{7BB357A2-9128-482B-A0B1-F5996D004AE5}.Debug|Win32.ActiveCfg = Debug|Win32
		{7BB357A2-9128-482B-A0B1-F5996D004AE5}.Debug|Win32.Build.0 = Debug|Win32
		{7BB357A2-9128-482B-A0B1-F5996D004AE5}.Debug|x64.ActiveCfg = Debug|Win32
		{7BB357A2-9128-482B-A0B1-F5996D004AE5}.Release|ARM.ActiveCfg = Release|Win32
		{7BB357A2-9128-482B-A0B1-F5996D004AE5}.Release|Win32.ActiveCfg = Release|Win32
		{7BB357A2-9128-482B-A0B1-F5996D004AE5}.Release|Win32.Build.0 = Release|Win32
		{7BB357A2-9128-482B-A0B1-F5996D004AE5}.Release|x64.ActiveCfg = Release|Win32
		{09760B3B-FA9B-447F-A3CF-7C02CDA7BE10}.Debug|ARM.ActiveCfg = Debug|Win32
		{09760B3B-FA9B-447F-A3CF-7C02CDA7BE10}.Debug|Win32.ActiveCfg = Debug|Win32
		{09760B3B-FA9B-447F-A3CF-7C02CDA7BE10}.Debug|Win32.Build.0 = Debug|Win32
		{09760B3B-FA9B-447F-A3CF-7C02CDA7BE10}.Debug|x64.ActiveCfg = Debug|Win32
		{09760B3B-FA9B-447F-A3CF-7C02CDA7BE10}.Release|ARM.ActiveCfg = Release|Win32
		{09760B3B-FA9B-447F-A3CF-7C02CDA7BE10}.Release|Win32.ActiveCfg = Release|Win32
		{09760B3B-FA9B-447F-A3CF-7C02CDA7BE10}.Release|Win32.Build.0 = Release|Win32
		{09760B3B-FA9B-447F-A3CF-7C02CDA7BE10}.Release|x64.ActiveCfg = Release|Win32
		{2473BFDC-14BF-40AB-8550-9A89B0BD31BF}.Debug|ARM.ActiveCfg = Debug|Win32
		{2473BFDC-14BF-40AB-8550-9A89B0BD31BF}.Debug|Win32.ActiveCfg = Debug|Win32
		{2473BFDC-14BF-40AB-8550-9A89B0BD31BF}.Debug|Win32.Build.0 = Debug|Win32
		{2473BFDC-14BF-40AB-8550-9A89B0BD31BF}.Debug|x64.ActiveCfg = Debug|Win32
		{2473BFDC-14BF-40AB-8550-9A89B0BD31BF}.Release|ARM.ActiveCfg = Release|Win32
		{2473BFDC-14BF-40AB-8550-9A89B0BD31BF}.Release|Win32.ActiveCfg = Release|Win32
		{2473BFDC-14BF-40AB-8550-9A89B0BD31BF}.Release|Win32.Build.0 = Release|Win32
		{2473BFDC-14BF-40AB-8550-9A89B0BD31BF}.Release|x64.ActiveCfg = Release|Win32
	EndGlobalSection
	GlobalSection(SolutionProperties) = preSolution
		HideSolutionNode = FALSE
	EndGlobalSection
	GlobalSection(NestedProjects) = preSolution
		{99B4A273-58B4-42B1-8ED4-75D4629388AE} = {6993FE59-6692-4AA0-A4A4-5B3C2856ABBD}
		{29B3AD40-398F-47E2-8D56-254DD619BA07} = {6993FE59-6692-4AA0-A4A4-5B3C2856ABBD}
		{10DC3023-4AB6-40C3-ACFF-41826051AC5E} = {79FCAD13-C8B3-4E3D-B2D0-3C71169E6DF9}
		{85BF1E29-20C9-4C7D-9161-3A163F85DD08} = {79FCAD13-C8B3-4E3D-B2D0-3C71169E6DF9}
		{BAC2A631-AFDA-49B3-A79F-580F558D1DB7} = {4358E929-5EA5-49E1-80BF-F9253EEDE375}
		{D73EB5EB-48B6-4777-AEF7-A76F5FDA411B} = {9C191966-92EF-41CD-8223-3558505E757D}
		{3AB92265-B121-401E-A97B-EEAE018268AE} = {9C191966-92EF-41CD-8223-3558505E757D}
		{FC87E784-9C8C-4885-8228-CD6FAF79C1F4} = {F6A558A6-833B-4B36-9248-949D7C0B82BF}
		{8B24D5FF-8FB0-4B99-A5B3-382158B9F997} = {F6A558A6-833B-4B36-9248-949D7C0B82BF}
		{B92FA8F8-9114-42FD-A0FF-F8363D6A0225} = {F6A558A6-833B-4B36-9248-949D7C0B82BF}
		{65ACF74B-F23E-4F8E-AFFC-991C6801BFAA} = {B3E43F08-BD59-4866-9682-B46EB93FEFF6}
		{954D74C4-FA61-4065-84A0-8D79449CA8DB} = {B3E43F08-BD59-4866-9682-B46EB93FEFF6}
		{FE3B8E28-C29F-4587-B56A-FDDCA8C9511D} = {B3E43F08-BD59-4866-9682-B46EB93FEFF6}
		{CBEB88F2-B4B4-4D76-8518-9788EC80AA2A} = {6993FE59-6692-4AA0-A4A4-5B3C2856ABBD}
		{7BB357A2-9128-482B-A0B1-F5996D004AE5} = {6993FE59-6692-4AA0-A4A4-5B3C2856ABBD}
		{09760B3B-FA9B-447F-A3CF-7C02CDA7BE10} = {4358E929-5EA5-49E1-80BF-F9253EEDE375}
		{2473BFDC-14BF-40AB-8550-9A89B0BD31BF} = {4358E929-5EA5-49E1-80BF-F9253EEDE375}
	EndGlobalSection
EndGlobal
